
Microsoft Visual Studio Solution File, Format Version 12.00
# Visual Studio 14
VisualStudioVersion = 14.0.25420.1
MinimumVisualStudioVersion = 10.0.40219.1
Project("{E24C65DC-7377-472B-9ABA-BC803B73C61A}") = "Checkout", "Checkout\", "{E6BCC5B7-603B-482C-AED2-EDA2BD22E7DA}"
	ProjectSection(SvnOrigin) = preProject
		@Keys = Enlist,Svn.Uri
		Enlist = Required
		Svn.Uri = Checkout/
	EndProjectSection
	ProjectSection(WebsiteProperties) = preProject
		SccProjectName = "Svn"
		SccAuxPath = "Svn"
		SccLocalPath = "Svn"
		SccProvider = "SubversionScc"
		TargetFrameworkMoniker = ".NETFramework,Version%3Dv4.5"
		Debug.AspNetCompiler.VirtualPath = "/Checkout"
		Debug.AspNetCompiler.PhysicalPath = "Checkout\"
		Debug.AspNetCompiler.TargetPath = "PrecompiledWeb\Checkout\"
		Debug.AspNetCompiler.Updateable = "true"
		Debug.AspNetCompiler.ForceOverwrite = "true"
		Debug.AspNetCompiler.FixedNames = "true"
		Debug.AspNetCompiler.Debug = "True"
		Release.AspNetCompiler.VirtualPath = "/Checkout"
		Release.AspNetCompiler.PhysicalPath = "Checkout\"
		Release.AspNetCompiler.TargetPath = "PrecompiledWeb\Checkout\"
		Release.AspNetCompiler.Updateable = "true"
		Release.AspNetCompiler.ForceOverwrite = "true"
		Release.AspNetCompiler.FixedNames = "true"
		Release.AspNetCompiler.Debug = "False"
		VWDPort = "51907"
		VWDDynamicPort = "false"
		SlnRelativePath = "Checkout\"
		StartServerOnDebug = "true"
	EndProjectSection
	ProjectSection(ProjectDependencies) = postProject
		{498E1818-CF4A-4A72-A329-B2CC55DE5FB2} = {498E1818-CF4A-4A72-A329-B2CC55DE5FB2}
		{8744FEA8-EC7F-493B-B3BB-BC24A758C03D} = {8744FEA8-EC7F-493B-B3BB-BC24A758C03D}
	EndProjectSection
EndProject
Project("{FAE04EC0-301F-11D3-BF4B-00C04F79EFBC}") = "Passport_Receipt", "Passport_Receipt\Passport_Receipt.csproj", "{8744FEA8-EC7F-493B-B3BB-BC24A758C03D}"
EndProject
Project("{E24C65DC-7377-472B-9ABA-BC803B73C61A}") = "Test", "Test\", "{FD0C473C-0E92-4124-B1E9-82DD0861C9F3}"
	ProjectSection(SvnOrigin) = preProject
		@Keys = Enlist,Svn.Uri
		Enlist = Required
		Svn.Uri = Test/
	EndProjectSection
	ProjectSection(WebsiteProperties) = preProject
		SccProjectName = "Svn"
		SccAuxPath = "Svn"
		SccLocalPath = "Svn"
		SccProvider = "SubversionScc"
		TargetFrameworkMoniker = ".NETFramework,Version%3Dv4.5.1"
		Debug.AspNetCompiler.VirtualPath = "/Test"
		Debug.AspNetCompiler.PhysicalPath = "Test\"
		Debug.AspNetCompiler.TargetPath = "PrecompiledWeb\Test\"
		Debug.AspNetCompiler.Updateable = "true"
		Debug.AspNetCompiler.ForceOverwrite = "true"
		Debug.AspNetCompiler.FixedNames = "false"
		Debug.AspNetCompiler.Debug = "True"
		Release.AspNetCompiler.VirtualPath = "/Test"
		Release.AspNetCompiler.PhysicalPath = "Test\"
		Release.AspNetCompiler.TargetPath = "PrecompiledWeb\Test\"
		Release.AspNetCompiler.Updateable = "true"
		Release.AspNetCompiler.ForceOverwrite = "true"
		Release.AspNetCompiler.FixedNames = "false"
		Release.AspNetCompiler.Debug = "False"
		VWDPort = "18288"
		VWDDynamicPort = "false"
		VWDVirtualPath = "/"
		SlnRelativePath = "Test\"
		StartServerOnDebug = "false"
	EndProjectSection
	ProjectSection(ProjectDependencies) = postProject
		{760CEC1B-1DFD-4A30-A44A-BD11E13658F2} = {760CEC1B-1DFD-4A30-A44A-BD11E13658F2}
		{E6BCC5B7-603B-482C-AED2-EDA2BD22E7DA} = {E6BCC5B7-603B-482C-AED2-EDA2BD22E7DA}
	EndProjectSection
EndProject
Project("{FAE04EC0-301F-11D3-BF4B-00C04F79EFBC}") = "TestReporting", "Reporting\TestReporting.csproj", "{C1EBAA57-EE5C-4ED4-ACA3-1C76566A8C19}"
EndProject
Project("{FAE04EC0-301F-11D3-BF4B-00C04F79EFBC}") = "Trust Bank Checkout Email Service", "Trust Bank Checkout Email Service\Trust Bank Checkout Email Service.csproj", "{F5290CC2-DB9B-4AB5-9FC4-220E9B58961B}"
	ProjectSection(ProjectDependencies) = postProject
		{8744FEA8-EC7F-493B-B3BB-BC24A758C03D} = {8744FEA8-EC7F-493B-B3BB-BC24A758C03D}
	EndProjectSection
EndProject
Project("{54435603-DBB4-11D2-8724-00A0C9A8B90C}") = "Trust Bank Checkout Service Setup", "Trust Bank Checkout Service Setup\Trust Bank Checkout Service Setup.vdproj", "{D47BF4B2-23DD-40C3-A9D0-DAFC3D15AFA0}"
EndProject
Project("{E24C65DC-7377-472B-9ABA-BC803B73C61A}") = "Checkout_Portal", "Checkout_Portal\", "{7933D33C-560C-495B-AA0C-A33E2253DA58}"
	ProjectSection(SvnOrigin) = preProject
		@Keys = Enlist,Svn.Uri
		Enlist = Required
		Svn.Uri = Checkout_Portal/
	EndProjectSection
	ProjectSection(WebsiteProperties) = preProject
		SccProjectName = "Svn"
		SccAuxPath = "Svn"
		SccLocalPath = "Svn"
		SccProvider = "SubversionScc"
		TargetFrameworkMoniker = ".NETFramework,Version%3Dv4.5.1"
		ProjectReferences = "{498E1818-CF4A-4A72-A329-B2CC55DE5FB2}|Checkout_Receipt.dll;{8744fea8-ec7f-493b-b3bb-bc24a758c03d}|Passport_Receipt.dll;"
		Debug.AspNetCompiler.VirtualPath = "/Checkout_Portal"
		Debug.AspNetCompiler.PhysicalPath = "Checkout_Portal\"
		Debug.AspNetCompiler.TargetPath = "PrecompiledWeb\Checkout_Portal\"
		Debug.AspNetCompiler.Updateable = "true"
		Debug.AspNetCompiler.ForceOverwrite = "true"
		Debug.AspNetCompiler.FixedNames = "false"
		Debug.AspNetCompiler.Debug = "True"
		Release.AspNetCompiler.VirtualPath = "/Checkout_Portal"
		Release.AspNetCompiler.PhysicalPath = "Checkout_Portal\"
		Release.AspNetCompiler.TargetPath = "PrecompiledWeb\Checkout_Portal\"
		Release.AspNetCompiler.Updateable = "true"
		Release.AspNetCompiler.ForceOverwrite = "true"
		Release.AspNetCompiler.FixedNames = "false"
		Release.AspNetCompiler.Debug = "False"
		VWDPort = "10399"
		SlnRelativePath = "Checkout_Portal\"
	EndProjectSection
EndProject
Project("{FAE04EC0-301F-11D3-BF4B-00C04F79EFBC}") = "CheckoutWebservice (Discarded)", "CheckoutWebservice\CheckoutWebservice (Discarded).csproj", "{65642317-7B33-4047-B2D8-46DB99B2821C}"
EndProject
Project("{E24C65DC-7377-472B-9ABA-BC803B73C61A}") = "LocalWebService", "LocalWebService\", "{760CEC1B-1DFD-4A30-A44A-BD11E13658F2}"
	ProjectSection(SvnOrigin) = preProject
		@Keys = Enlist,Svn.Uri
		Enlist = Required
		Svn.Uri = LocalWebService/
	EndProjectSection
	ProjectSection(WebsiteProperties) = preProject
		SccProjectName = "Svn"
		SccAuxPath = "Svn"
		SccLocalPath = "Svn"
		SccProvider = "SubversionScc"
		TargetFrameworkMoniker = ".NETFramework,Version%3Dv4.5"
		Debug.AspNetCompiler.VirtualPath = "/LocalWebService"
		Debug.AspNetCompiler.PhysicalPath = "LocalWebService\"
		Debug.AspNetCompiler.TargetPath = "PrecompiledWeb\LocalWebService\"
		Debug.AspNetCompiler.Updateable = "true"
		Debug.AspNetCompiler.ForceOverwrite = "true"
		Debug.AspNetCompiler.FixedNames = "false"
		Debug.AspNetCompiler.Debug = "True"
		Release.AspNetCompiler.VirtualPath = "/LocalWebService"
		Release.AspNetCompiler.PhysicalPath = "LocalWebService\"
		Release.AspNetCompiler.TargetPath = "PrecompiledWeb\LocalWebService\"
		Release.AspNetCompiler.Updateable = "true"
		Release.AspNetCompiler.ForceOverwrite = "true"
		Release.AspNetCompiler.FixedNames = "false"
		Release.AspNetCompiler.Debug = "False"
		VWDPort = "10450"
		SlnRelativePath = "LocalWebService\"
		DefaultWebSiteLanguage = "Visual C#"
	EndProjectSection
EndProject
Project("{FAE04EC0-301F-11D3-BF4B-00C04F79EFBC}") = "Checkout_Receipt", "Checkout_Receipt\Checkout_Receipt.csproj", "{498E1818-CF4A-4A72-A329-B2CC55DE5FB2}"
EndProject
Project("{E24C65DC-7377-472B-9ABA-BC803B73C61A}") = "PassportCheckout", "http://localhost:46304", "{4E28FEC1-6387-4EA7-8D94-43B27F6544D7}"
	ProjectSection(SvnOrigin) = preProject
		@Keys = Enlist,Svn.Uri
		Enlist = Required
		Svn.Uri = PassportCheckout/
	EndProjectSection
	ProjectSection(WebsiteProperties) = preProject
		SccProjectName = "Svn"
		SccAuxPath = "Svn"
		SccLocalPath = "Svn"
		SccProvider = "SubversionScc"
		UseIISExpress = "true"
		TargetFrameworkMoniker = ".NETFramework,Version%3Dv4.5"
		Debug.AspNetCompiler.VirtualPath = "/localhost_46304"
		Debug.AspNetCompiler.PhysicalPath = "PassportCheckout\"
		Debug.AspNetCompiler.TargetPath = "PrecompiledWeb\localhost_46304\"
		Debug.AspNetCompiler.Updateable = "true"
		Debug.AspNetCompiler.ForceOverwrite = "true"
		Debug.AspNetCompiler.FixedNames = "true"
		Debug.AspNetCompiler.Debug = "True"
		Release.AspNetCompiler.VirtualPath = "/localhost_46304"
		Release.AspNetCompiler.PhysicalPath = "PassportCheckout\"
		Release.AspNetCompiler.TargetPath = "PrecompiledWeb\localhost_46304\"
		Release.AspNetCompiler.Updateable = "true"
		Release.AspNetCompiler.ForceOverwrite = "true"
		Release.AspNetCompiler.FixedNames = "true"
		Release.AspNetCompiler.Debug = "False"
		SlnRelativePath = "PassportCheckout\"
		DefaultWebSiteLanguage = "Visual C#"
	EndProjectSection
EndProject
Project("{E24C65DC-7377-472B-9ABA-BC803B73C61A}") = "PassportReport", "PassportReport\", "{93069FEF-8139-40A4-B9B0-E26B00D0127D}"
	ProjectSection(SvnOrigin) = preProject
		@Keys = Enlist,Svn.Uri
		Enlist = Required
		Svn.Uri = PassportReport/
	EndProjectSection
	ProjectSection(WebsiteProperties) = preProject
		SccProjectName = "Svn"
		SccAuxPath = "Svn"
		SccLocalPath = "Svn"
		SccProvider = "SubversionScc"
		TargetFrameworkMoniker = ".NETFramework,Version%3Dv4.0"
		Debug.AspNetCompiler.VirtualPath = "/localhost_30505"
		Debug.AspNetCompiler.PhysicalPath = "PassportReport\"
		Debug.AspNetCompiler.TargetPath = "PrecompiledWeb\localhost_30505\"
		Debug.AspNetCompiler.Updateable = "true"
		Debug.AspNetCompiler.ForceOverwrite = "true"
		Debug.AspNetCompiler.FixedNames = "false"
		Debug.AspNetCompiler.Debug = "True"
		Release.AspNetCompiler.VirtualPath = "/localhost_30505"
		Release.AspNetCompiler.PhysicalPath = "PassportReport\"
		Release.AspNetCompiler.TargetPath = "PrecompiledWeb\localhost_30505\"
		Release.AspNetCompiler.Updateable = "true"
		Release.AspNetCompiler.ForceOverwrite = "true"
		Release.AspNetCompiler.FixedNames = "false"
		Release.AspNetCompiler.Debug = "False"
		VWDPort = "30505"
		SlnRelativePath = "PassportReport\"
	EndProjectSection
EndProject
Project("{E24C65DC-7377-472B-9ABA-BC803B73C61A}") = "CheckoutReport", "..\CheckoutReport\", "{32262B40-B2E9-43A1-83AA-FD9769A44C2D}"
	ProjectSection(WebsiteProperties) = preProject
		TargetFrameworkMoniker = ".NETFramework,Version%3Dv4.5"
		Debug.AspNetCompiler.VirtualPath = "/localhost_7613"
		Debug.AspNetCompiler.PhysicalPath = "..\CheckoutReport\"
		Debug.AspNetCompiler.TargetPath = "PrecompiledWeb\localhost_7613\"
		Debug.AspNetCompiler.Updateable = "true"
		Debug.AspNetCompiler.ForceOverwrite = "true"
		Debug.AspNetCompiler.FixedNames = "false"
		Debug.AspNetCompiler.Debug = "True"
		Release.AspNetCompiler.VirtualPath = "/localhost_7613"
		Release.AspNetCompiler.PhysicalPath = "..\CheckoutReport\"
		Release.AspNetCompiler.TargetPath = "PrecompiledWeb\localhost_7613\"
		Release.AspNetCompiler.Updateable = "true"
		Release.AspNetCompiler.ForceOverwrite = "true"
		Release.AspNetCompiler.FixedNames = "false"
		Release.AspNetCompiler.Debug = "False"
		VWDPort = "7613"
		SlnRelativePath = "..\CheckoutReport\"
	EndProjectSection
EndProject
Project("{E24C65DC-7377-472B-9ABA-BC803B73C61A}") = "MerchantWebSite_Public", "MerchantWebSite_Public\", "{B85C8AE9-E7FD-4538-9FBF-9578AAD5EFCD}"
	ProjectSection(SvnOrigin) = preProject
		@Keys = Enlist,Svn.Uri
		Enlist = Required
		Svn.Uri = MerchantWebSite_Public/
	EndProjectSection
	ProjectSection(WebsiteProperties) = preProject
		SccProjectName = "Svn"
		SccAuxPath = "Svn"
		SccLocalPath = "Svn"
		SccProvider = "SubversionScc"
		TargetFrameworkMoniker = ".NETFramework,Version%3Dv4.5"
		Debug.AspNetCompiler.VirtualPath = "/localhost_32923"
		Debug.AspNetCompiler.PhysicalPath = "MerchantWebSite_Public\"
		Debug.AspNetCompiler.TargetPath = "PrecompiledWeb\localhost_32923\"
		Debug.AspNetCompiler.Updateable = "true"
		Debug.AspNetCompiler.ForceOverwrite = "true"
		Debug.AspNetCompiler.FixedNames = "false"
		Debug.AspNetCompiler.Debug = "True"
		Release.AspNetCompiler.VirtualPath = "/localhost_32923"
		Release.AspNetCompiler.PhysicalPath = "MerchantWebSite_Public\"
		Release.AspNetCompiler.TargetPath = "PrecompiledWeb\localhost_32923\"
		Release.AspNetCompiler.Updateable = "true"
		Release.AspNetCompiler.ForceOverwrite = "true"
		Release.AspNetCompiler.FixedNames = "false"
		Release.AspNetCompiler.Debug = "False"
		VWDPort = "32923"
		SlnRelativePath = "MerchantWebSite_Public\"
	EndProjectSection
EndProject
Project("{FAE04EC0-301F-11D3-BF4B-00C04F79EFBC}") = "WebApplication_socket", "WebApplication_socket\WebApplication_socket\WebApplication_socket.csproj", "{CAC5D969-E7FB-4EE3-83CF-83EC811BA126}"
EndProject
Project("{FAE04EC0-301F-11D3-BF4B-00C04F79EFBC}") = "UnitTestProject1", "UnitTestProject1\UnitTestProject1.csproj", "{2341BED7-BD66-4E4A-A6E9-5BF7E5DD04FC}"
EndProject
Project("{FAE04EC0-301F-11D3-BF4B-00C04F79EFBC}") = "WebAndLoadTestCheckoutProject", "WebAndLoadTestCheckoutProject\WebAndLoadTestCheckoutProject.csproj", "{2ACC3378-F7AF-4F03-AFC2-949E9B0A04FE}"
EndProject
Project("{FAE04EC0-301F-11D3-BF4B-00C04F79EFBC}") = "WebService_Checkout_Notification", "WebService_Checkout_Notification\WebService_Checkout_Notification.csproj", "{098D1A37-D8FD-4E2D-BC76-86C9F04BDB15}"
EndProject
Project("{54435603-DBB4-11D2-8724-00A0C9A8B90C}") = "TBL Checkout Notification Setup", "TBL Checkout Notification Setup\TBL Checkout Notification Setup.vdproj", "{B4E3674A-36DA-4E45-B4F7-04D2F5C2633E}"
EndProject
Project("{E24C65DC-7377-472B-9ABA-BC803B73C61A}") = "Pay", "Pay\", "{FAF97E0F-DFDB-4D7C-B975-41591D8CFDA7}"
	ProjectSection(SvnOrigin) = preProject
		@Keys = Enlist,Svn.Uri
		Enlist = Required
		Svn.Uri = Pay/
	EndProjectSection
	ProjectSection(WebsiteProperties) = preProject
		SccProjectName = "Svn"
		SccAuxPath = "Svn"
		SccLocalPath = "Svn"
		SccProvider = "SubversionScc"
		TargetFrameworkMoniker = ".NETFramework,Version%3Dv4.0"
		Debug.AspNetCompiler.VirtualPath = "/localhost_63600"
		Debug.AspNetCompiler.PhysicalPath = "Pay\"
		Debug.AspNetCompiler.TargetPath = "PrecompiledWeb\localhost_63600\"
		Debug.AspNetCompiler.Updateable = "true"
		Debug.AspNetCompiler.ForceOverwrite = "true"
		Debug.AspNetCompiler.FixedNames = "false"
		Debug.AspNetCompiler.Debug = "True"
		Release.AspNetCompiler.VirtualPath = "/localhost_63600"
		Release.AspNetCompiler.PhysicalPath = "Pay\"
		Release.AspNetCompiler.TargetPath = "PrecompiledWeb\localhost_63600\"
		Release.AspNetCompiler.Updateable = "true"
		Release.AspNetCompiler.ForceOverwrite = "true"
		Release.AspNetCompiler.FixedNames = "false"
		Release.AspNetCompiler.Debug = "False"
		VWDPort = "63600"
		SlnRelativePath = "Pay\"
	EndProjectSection
EndProject
Project("{FAE04EC0-301F-11D3-BF4B-00C04F79EFBC}") = "TblUrlCallingService", "TblUrlCallingService\TblUrlCallingService.csproj", "{A2CC97A5-16A9-4D05-B7C3-807EB3B4D41F}"
EndProject
Project("{54435603-DBB4-11D2-8724-00A0C9A8B90C}") = "TblUrlCallingServiceSetup", "TblUrlCallingServiceSetup\TblUrlCallingServiceSetup.vdproj", "{1F66531E-D9B4-4BC5-8BC0-C77A4739731C}"
EndProject
Project("{E24C65DC-7377-472B-9ABA-BC803B73C61A}") = "Checkout_Receipt_Service", "Checkout_Receipt_Service\", "{9DF569E1-9159-43EC-94C6-B9BE304934CF}"
	ProjectSection(SvnOrigin) = preProject
		@Keys = Enlist,Svn.Uri
		Enlist = Required
		Svn.Uri = Checkout_Receipt_Service/
	EndProjectSection
	ProjectSection(WebsiteProperties) = preProject
		SccProjectName = "Svn"
		SccAuxPath = "Svn"
		SccLocalPath = "Svn"
		SccProvider = "SubversionScc"
		TargetFrameworkMoniker = ".NETFramework,Version%3Dv4.5.2"
		Debug.AspNetCompiler.VirtualPath = "/localhost_53551"
		Debug.AspNetCompiler.PhysicalPath = "Checkout_Receipt_Service\"
		Debug.AspNetCompiler.TargetPath = "PrecompiledWeb\localhost_53551\"
		Debug.AspNetCompiler.Updateable = "true"
		Debug.AspNetCompiler.ForceOverwrite = "true"
		Debug.AspNetCompiler.FixedNames = "false"
		Debug.AspNetCompiler.Debug = "True"
		Release.AspNetCompiler.VirtualPath = "/localhost_53551"
		Release.AspNetCompiler.PhysicalPath = "Checkout_Receipt_Service\"
		Release.AspNetCompiler.TargetPath = "PrecompiledWeb\localhost_53551\"
		Release.AspNetCompiler.Updateable = "true"
		Release.AspNetCompiler.ForceOverwrite = "true"
		Release.AspNetCompiler.FixedNames = "false"
		Release.AspNetCompiler.Debug = "False"
		VWDPort = "53551"
		SlnRelativePath = "Checkout_Receipt_Service\"
		DefaultWebSiteLanguage = "Visual C#"
	EndProjectSection
EndProject
Project("{E24C65DC-7377-472B-9ABA-BC803B73C61A}") = "CheckoutReports", "CheckoutReports\", "{425192F3-DC40-48D2-AE59-566E2BCDDD7A}"
	ProjectSection(SvnOrigin) = preProject
		@Keys = Enlist,Svn.Uri
		Enlist = Required
		Svn.Uri = CheckoutReports/
	EndProjectSection
	ProjectSection(WebsiteProperties) = preProject
		SccProjectName = "Svn"
		SccAuxPath = "Svn"
		SccLocalPath = "Svn"
		SccProvider = "SubversionScc"
		TargetFrameworkMoniker = ".NETFramework,Version%3Dv4.0"
		Debug.AspNetCompiler.VirtualPath = "/localhost_60280"
		Debug.AspNetCompiler.PhysicalPath = "CheckoutReports\"
		Debug.AspNetCompiler.TargetPath = "PrecompiledWeb\localhost_60280\"
		Debug.AspNetCompiler.Updateable = "true"
		Debug.AspNetCompiler.ForceOverwrite = "true"
		Debug.AspNetCompiler.FixedNames = "false"
		Debug.AspNetCompiler.Debug = "True"
		Release.AspNetCompiler.VirtualPath = "/localhost_60280"
		Release.AspNetCompiler.PhysicalPath = "CheckoutReports\"
		Release.AspNetCompiler.TargetPath = "PrecompiledWeb\localhost_60280\"
		Release.AspNetCompiler.Updateable = "true"
		Release.AspNetCompiler.ForceOverwrite = "true"
		Release.AspNetCompiler.FixedNames = "false"
		Release.AspNetCompiler.Debug = "False"
		VWDPort = "60280"
		SlnRelativePath = "CheckoutReports\"
	EndProjectSection
EndProject
Global
	GlobalSection(SubversionScc) = preSolution
		Svn-Managed = True
		Manager = AnkhSVN - Subversion Support for Visual Studio
	EndGlobalSection
	GlobalSection(SolutionConfigurationPlatforms) = preSolution
		Debug|Any CPU = Debug|Any CPU
		Debug|Mixed Platforms = Debug|Mixed Platforms
		Debug|x86 = Debug|x86
		Release|Any CPU = Release|Any CPU
		Release|Mixed Platforms = Release|Mixed Platforms
		Release|x86 = Release|x86
	EndGlobalSection
	GlobalSection(ProjectConfigurationPlatforms) = postSolution
		{E6BCC5B7-603B-482C-AED2-EDA2BD22E7DA}.Debug|Any CPU.ActiveCfg = Debug|Any CPU
		{E6BCC5B7-603B-482C-AED2-EDA2BD22E7DA}.Debug|Any CPU.Build.0 = Debug|Any CPU
		{E6BCC5B7-603B-482C-AED2-EDA2BD22E7DA}.Debug|Mixed Platforms.ActiveCfg = Debug|Any CPU
		{E6BCC5B7-603B-482C-AED2-EDA2BD22E7DA}.Debug|Mixed Platforms.Build.0 = Debug|Any CPU
		{E6BCC5B7-603B-482C-AED2-EDA2BD22E7DA}.Debug|x86.ActiveCfg = Debug|Any CPU
		{E6BCC5B7-603B-482C-AED2-EDA2BD22E7DA}.Release|Any CPU.ActiveCfg = Debug|Any CPU
		{E6BCC5B7-603B-482C-AED2-EDA2BD22E7DA}.Release|Any CPU.Build.0 = Debug|Any CPU
		{E6BCC5B7-603B-482C-AED2-EDA2BD22E7DA}.Release|Mixed Platforms.ActiveCfg = Debug|Any CPU
		{E6BCC5B7-603B-482C-AED2-EDA2BD22E7DA}.Release|Mixed Platforms.Build.0 = Debug|Any CPU
		{E6BCC5B7-603B-482C-AED2-EDA2BD22E7DA}.Release|x86.ActiveCfg = Debug|Any CPU
		{8744FEA8-EC7F-493B-B3BB-BC24A758C03D}.Debug|Any CPU.ActiveCfg = Debug|Any CPU
		{8744FEA8-EC7F-493B-B3BB-BC24A758C03D}.Debug|Any CPU.Build.0 = Debug|Any CPU
		{8744FEA8-EC7F-493B-B3BB-BC24A758C03D}.Debug|Mixed Platforms.ActiveCfg = Debug|Any CPU
		{8744FEA8-EC7F-493B-B3BB-BC24A758C03D}.Debug|Mixed Platforms.Build.0 = Debug|Any CPU
		{8744FEA8-EC7F-493B-B3BB-BC24A758C03D}.Debug|x86.ActiveCfg = Debug|Any CPU
		{8744FEA8-EC7F-493B-B3BB-BC24A758C03D}.Release|Any CPU.ActiveCfg = Release|Any CPU
		{8744FEA8-EC7F-493B-B3BB-BC24A758C03D}.Release|Any CPU.Build.0 = Release|Any CPU
		{8744FEA8-EC7F-493B-B3BB-BC24A758C03D}.Release|Mixed Platforms.ActiveCfg = Release|Any CPU
		{8744FEA8-EC7F-493B-B3BB-BC24A758C03D}.Release|Mixed Platforms.Build.0 = Release|Any CPU
		{8744FEA8-EC7F-493B-B3BB-BC24A758C03D}.Release|x86.ActiveCfg = Release|Any CPU
		{FD0C473C-0E92-4124-B1E9-82DD0861C9F3}.Debug|Any CPU.ActiveCfg = Debug|Any CPU
		{FD0C473C-0E92-4124-B1E9-82DD0861C9F3}.Debug|Any CPU.Build.0 = Debug|Any CPU
		{FD0C473C-0E92-4124-B1E9-82DD0861C9F3}.Debug|Mixed Platforms.ActiveCfg = Debug|Any CPU
		{FD0C473C-0E92-4124-B1E9-82DD0861C9F3}.Debug|Mixed Platforms.Build.0 = Debug|Any CPU
		{FD0C473C-0E92-4124-B1E9-82DD0861C9F3}.Debug|x86.ActiveCfg = Debug|Any CPU
		{FD0C473C-0E92-4124-B1E9-82DD0861C9F3}.Release|Any CPU.ActiveCfg = Debug|Any CPU
		{FD0C473C-0E92-4124-B1E9-82DD0861C9F3}.Release|Any CPU.Build.0 = Debug|Any CPU
		{FD0C473C-0E92-4124-B1E9-82DD0861C9F3}.Release|Mixed Platforms.ActiveCfg = Debug|Any CPU
		{FD0C473C-0E92-4124-B1E9-82DD0861C9F3}.Release|Mixed Platforms.Build.0 = Debug|Any CPU
		{FD0C473C-0E92-4124-B1E9-82DD0861C9F3}.Release|x86.ActiveCfg = Debug|Any CPU
		{C1EBAA57-EE5C-4ED4-ACA3-1C76566A8C19}.Debug|Any CPU.ActiveCfg = Debug|x86
		{C1EBAA57-EE5C-4ED4-ACA3-1C76566A8C19}.Debug|Mixed Platforms.ActiveCfg = Debug|x86
		{C1EBAA57-EE5C-4ED4-ACA3-1C76566A8C19}.Debug|Mixed Platforms.Build.0 = Debug|x86
		{C1EBAA57-EE5C-4ED4-ACA3-1C76566A8C19}.Debug|x86.ActiveCfg = Debug|x86
		{C1EBAA57-EE5C-4ED4-ACA3-1C76566A8C19}.Debug|x86.Build.0 = Debug|x86
		{C1EBAA57-EE5C-4ED4-ACA3-1C76566A8C19}.Release|Any CPU.ActiveCfg = Release|x86
		{C1EBAA57-EE5C-4ED4-ACA3-1C76566A8C19}.Release|Mixed Platforms.ActiveCfg = Release|x86
		{C1EBAA57-EE5C-4ED4-ACA3-1C76566A8C19}.Release|Mixed Platforms.Build.0 = Release|x86
		{C1EBAA57-EE5C-4ED4-ACA3-1C76566A8C19}.Release|x86.ActiveCfg = Release|x86
		{C1EBAA57-EE5C-4ED4-ACA3-1C76566A8C19}.Release|x86.Build.0 = Release|x86
		{F5290CC2-DB9B-4AB5-9FC4-220E9B58961B}.Debug|Any CPU.ActiveCfg = Debug|x86
		{F5290CC2-DB9B-4AB5-9FC4-220E9B58961B}.Debug|Mixed Platforms.ActiveCfg = Debug|x86
		{F5290CC2-DB9B-4AB5-9FC4-220E9B58961B}.Debug|Mixed Platforms.Build.0 = Debug|x86
		{F5290CC2-DB9B-4AB5-9FC4-220E9B58961B}.Debug|x86.ActiveCfg = Debug|x86
		{F5290CC2-DB9B-4AB5-9FC4-220E9B58961B}.Debug|x86.Build.0 = Debug|x86
		{F5290CC2-DB9B-4AB5-9FC4-220E9B58961B}.Release|Any CPU.ActiveCfg = Release|x86
		{F5290CC2-DB9B-4AB5-9FC4-220E9B58961B}.Release|Mixed Platforms.ActiveCfg = Release|x86
		{F5290CC2-DB9B-4AB5-9FC4-220E9B58961B}.Release|Mixed Platforms.Build.0 = Release|x86
		{F5290CC2-DB9B-4AB5-9FC4-220E9B58961B}.Release|x86.ActiveCfg = Release|x86
		{F5290CC2-DB9B-4AB5-9FC4-220E9B58961B}.Release|x86.Build.0 = Release|x86
		{D47BF4B2-23DD-40C3-A9D0-DAFC3D15AFA0}.Debug|Any CPU.ActiveCfg = Debug
		{D47BF4B2-23DD-40C3-A9D0-DAFC3D15AFA0}.Debug|Mixed Platforms.ActiveCfg = Debug
		{D47BF4B2-23DD-40C3-A9D0-DAFC3D15AFA0}.Debug|x86.ActiveCfg = Debug
		{D47BF4B2-23DD-40C3-A9D0-DAFC3D15AFA0}.Release|Any CPU.ActiveCfg = Release
		{D47BF4B2-23DD-40C3-A9D0-DAFC3D15AFA0}.Release|Mixed Platforms.ActiveCfg = Release
		{D47BF4B2-23DD-40C3-A9D0-DAFC3D15AFA0}.Release|x86.ActiveCfg = Release
		{7933D33C-560C-495B-AA0C-A33E2253DA58}.Debug|Any CPU.ActiveCfg = Debug|Any CPU
		{7933D33C-560C-495B-AA0C-A33E2253DA58}.Debug|Any CPU.Build.0 = Debug|Any CPU
		{7933D33C-560C-495B-AA0C-A33E2253DA58}.Debug|Mixed Platforms.ActiveCfg = Debug|Any CPU
		{7933D33C-560C-495B-AA0C-A33E2253DA58}.Debug|Mixed Platforms.Build.0 = Debug|Any CPU
		{7933D33C-560C-495B-AA0C-A33E2253DA58}.Debug|x86.ActiveCfg = Debug|Any CPU
		{7933D33C-560C-495B-AA0C-A33E2253DA58}.Release|Any CPU.ActiveCfg = Debug|Any CPU
		{7933D33C-560C-495B-AA0C-A33E2253DA58}.Release|Any CPU.Build.0 = Debug|Any CPU
		{7933D33C-560C-495B-AA0C-A33E2253DA58}.Release|Mixed Platforms.ActiveCfg = Debug|Any CPU
		{7933D33C-560C-495B-AA0C-A33E2253DA58}.Release|Mixed Platforms.Build.0 = Debug|Any CPU
		{7933D33C-560C-495B-AA0C-A33E2253DA58}.Release|x86.ActiveCfg = Debug|Any CPU
		{65642317-7B33-4047-B2D8-46DB99B2821C}.Debug|Any CPU.ActiveCfg = Debug|Any CPU
		{65642317-7B33-4047-B2D8-46DB99B2821C}.Debug|Any CPU.Build.0 = Debug|Any CPU
		{65642317-7B33-4047-B2D8-46DB99B2821C}.Debug|Mixed Platforms.ActiveCfg = Debug|Any CPU
		{65642317-7B33-4047-B2D8-46DB99B2821C}.Debug|Mixed Platforms.Build.0 = Debug|Any CPU
		{65642317-7B33-4047-B2D8-46DB99B2821C}.Debug|x86.ActiveCfg = Debug|Any CPU
		{65642317-7B33-4047-B2D8-46DB99B2821C}.Release|Any CPU.ActiveCfg = Release|Any CPU
		{65642317-7B33-4047-B2D8-46DB99B2821C}.Release|Any CPU.Build.0 = Release|Any CPU
		{65642317-7B33-4047-B2D8-46DB99B2821C}.Release|Mixed Platforms.ActiveCfg = Release|Any CPU
		{65642317-7B33-4047-B2D8-46DB99B2821C}.Release|Mixed Platforms.Build.0 = Release|Any CPU
		{65642317-7B33-4047-B2D8-46DB99B2821C}.Release|x86.ActiveCfg = Release|Any CPU
		{760CEC1B-1DFD-4A30-A44A-BD11E13658F2}.Debug|Any CPU.ActiveCfg = Debug|Any CPU
		{760CEC1B-1DFD-4A30-A44A-BD11E13658F2}.Debug|Any CPU.Build.0 = Debug|Any CPU
		{760CEC1B-1DFD-4A30-A44A-BD11E13658F2}.Debug|Mixed Platforms.ActiveCfg = Debug|Any CPU
		{760CEC1B-1DFD-4A30-A44A-BD11E13658F2}.Debug|Mixed Platforms.Build.0 = Debug|Any CPU
		{760CEC1B-1DFD-4A30-A44A-BD11E13658F2}.Debug|x86.ActiveCfg = Debug|Any CPU
		{760CEC1B-1DFD-4A30-A44A-BD11E13658F2}.Release|Any CPU.ActiveCfg = Debug|Any CPU
		{760CEC1B-1DFD-4A30-A44A-BD11E13658F2}.Release|Any CPU.Build.0 = Debug|Any CPU
		{760CEC1B-1DFD-4A30-A44A-BD11E13658F2}.Release|Mixed Platforms.ActiveCfg = Debug|Any CPU
		{760CEC1B-1DFD-4A30-A44A-BD11E13658F2}.Release|Mixed Platforms.Build.0 = Debug|Any CPU
		{760CEC1B-1DFD-4A30-A44A-BD11E13658F2}.Release|x86.ActiveCfg = Debug|Any CPU
		{498E1818-CF4A-4A72-A329-B2CC55DE5FB2}.Debug|Any CPU.ActiveCfg = Debug|Any CPU
		{498E1818-CF4A-4A72-A329-B2CC55DE5FB2}.Debug|Any CPU.Build.0 = Debug|Any CPU
		{498E1818-CF4A-4A72-A329-B2CC55DE5FB2}.Debug|Mixed Platforms.ActiveCfg = Debug|Any CPU
		{498E1818-CF4A-4A72-A329-B2CC55DE5FB2}.Debug|Mixed Platforms.Build.0 = Debug|Any CPU
		{498E1818-CF4A-4A72-A329-B2CC55DE5FB2}.Debug|x86.ActiveCfg = Debug|Any CPU
		{498E1818-CF4A-4A72-A329-B2CC55DE5FB2}.Release|Any CPU.ActiveCfg = Release|Any CPU
		{498E1818-CF4A-4A72-A329-B2CC55DE5FB2}.Release|Any CPU.Build.0 = Release|Any CPU
		{498E1818-CF4A-4A72-A329-B2CC55DE5FB2}.Release|Mixed Platforms.ActiveCfg = Release|Any CPU
		{498E1818-CF4A-4A72-A329-B2CC55DE5FB2}.Release|Mixed Platforms.Build.0 = Release|Any CPU
		{498E1818-CF4A-4A72-A329-B2CC55DE5FB2}.Release|x86.ActiveCfg = Release|Any CPU
		{4E28FEC1-6387-4EA7-8D94-43B27F6544D7}.Debug|Any CPU.ActiveCfg = Debug|Any CPU
		{4E28FEC1-6387-4EA7-8D94-43B27F6544D7}.Debug|Any CPU.Build.0 = Debug|Any CPU
		{4E28FEC1-6387-4EA7-8D94-43B27F6544D7}.Debug|Mixed Platforms.ActiveCfg = Debug|Any CPU
		{4E28FEC1-6387-4EA7-8D94-43B27F6544D7}.Debug|Mixed Platforms.Build.0 = Debug|Any CPU
		{4E28FEC1-6387-4EA7-8D94-43B27F6544D7}.Debug|x86.ActiveCfg = Debug|Any CPU
		{4E28FEC1-6387-4EA7-8D94-43B27F6544D7}.Release|Any CPU.ActiveCfg = Debug|Any CPU
		{4E28FEC1-6387-4EA7-8D94-43B27F6544D7}.Release|Any CPU.Build.0 = Debug|Any CPU
		{4E28FEC1-6387-4EA7-8D94-43B27F6544D7}.Release|Mixed Platforms.ActiveCfg = Debug|Any CPU
		{4E28FEC1-6387-4EA7-8D94-43B27F6544D7}.Release|Mixed Platforms.Build.0 = Debug|Any CPU
		{4E28FEC1-6387-4EA7-8D94-43B27F6544D7}.Release|x86.ActiveCfg = Debug|Any CPU
		{93069FEF-8139-40A4-B9B0-E26B00D0127D}.Debug|Any CPU.ActiveCfg = Debug|Any CPU
		{93069FEF-8139-40A4-B9B0-E26B00D0127D}.Debug|Any CPU.Build.0 = Debug|Any CPU
		{93069FEF-8139-40A4-B9B0-E26B00D0127D}.Debug|Mixed Platforms.ActiveCfg = Debug|Any CPU
		{93069FEF-8139-40A4-B9B0-E26B00D0127D}.Debug|Mixed Platforms.Build.0 = Debug|Any CPU
		{93069FEF-8139-40A4-B9B0-E26B00D0127D}.Debug|x86.ActiveCfg = Debug|Any CPU
		{93069FEF-8139-40A4-B9B0-E26B00D0127D}.Debug|x86.Build.0 = Debug|Any CPU
		{93069FEF-8139-40A4-B9B0-E26B00D0127D}.Release|Any CPU.ActiveCfg = Debug|Any CPU
		{93069FEF-8139-40A4-B9B0-E26B00D0127D}.Release|Any CPU.Build.0 = Debug|Any CPU
		{93069FEF-8139-40A4-B9B0-E26B00D0127D}.Release|Mixed Platforms.ActiveCfg = Debug|Any CPU
		{93069FEF-8139-40A4-B9B0-E26B00D0127D}.Release|Mixed Platforms.Build.0 = Debug|Any CPU
		{93069FEF-8139-40A4-B9B0-E26B00D0127D}.Release|x86.ActiveCfg = Debug|Any CPU
		{93069FEF-8139-40A4-B9B0-E26B00D0127D}.Release|x86.Build.0 = Debug|Any CPU
		{32262B40-B2E9-43A1-83AA-FD9769A44C2D}.Debug|Any CPU.ActiveCfg = Debug|Any CPU
		{32262B40-B2E9-43A1-83AA-FD9769A44C2D}.Debug|Any CPU.Build.0 = Debug|Any CPU
		{32262B40-B2E9-43A1-83AA-FD9769A44C2D}.Debug|Mixed Platforms.ActiveCfg = Debug|Any CPU
		{32262B40-B2E9-43A1-83AA-FD9769A44C2D}.Debug|Mixed Platforms.Build.0 = Debug|Any CPU
		{32262B40-B2E9-43A1-83AA-FD9769A44C2D}.Debug|x86.ActiveCfg = Debug|Any CPU
		{32262B40-B2E9-43A1-83AA-FD9769A44C2D}.Debug|x86.Build.0 = Debug|Any CPU
		{32262B40-B2E9-43A1-83AA-FD9769A44C2D}.Release|Any CPU.ActiveCfg = Debug|Any CPU
		{32262B40-B2E9-43A1-83AA-FD9769A44C2D}.Release|Any CPU.Build.0 = Debug|Any CPU
		{32262B40-B2E9-43A1-83AA-FD9769A44C2D}.Release|Mixed Platforms.ActiveCfg = Debug|Any CPU
		{32262B40-B2E9-43A1-83AA-FD9769A44C2D}.Release|Mixed Platforms.Build.0 = Debug|Any CPU
		{32262B40-B2E9-43A1-83AA-FD9769A44C2D}.Release|x86.ActiveCfg = Debug|Any CPU
		{32262B40-B2E9-43A1-83AA-FD9769A44C2D}.Release|x86.Build.0 = Debug|Any CPU
		{B85C8AE9-E7FD-4538-9FBF-9578AAD5EFCD}.Debug|Any CPU.ActiveCfg = Debug|Any CPU
		{B85C8AE9-E7FD-4538-9FBF-9578AAD5EFCD}.Debug|Any CPU.Build.0 = Debug|Any CPU
		{B85C8AE9-E7FD-4538-9FBF-9578AAD5EFCD}.Debug|Mixed Platforms.ActiveCfg = Debug|Any CPU
		{B85C8AE9-E7FD-4538-9FBF-9578AAD5EFCD}.Debug|Mixed Platforms.Build.0 = Debug|Any CPU
		{B85C8AE9-E7FD-4538-9FBF-9578AAD5EFCD}.Debug|x86.ActiveCfg = Debug|Any CPU
		{B85C8AE9-E7FD-4538-9FBF-9578AAD5EFCD}.Debug|x86.Build.0 = Debug|Any CPU
		{B85C8AE9-E7FD-4538-9FBF-9578AAD5EFCD}.Release|Any CPU.ActiveCfg = Debug|Any CPU
		{B85C8AE9-E7FD-4538-9FBF-9578AAD5EFCD}.Release|Any CPU.Build.0 = Debug|Any CPU
		{B85C8AE9-E7FD-4538-9FBF-9578AAD5EFCD}.Release|Mixed Platforms.ActiveCfg = Debug|Any CPU
		{B85C8AE9-E7FD-4538-9FBF-9578AAD5EFCD}.Release|Mixed Platforms.Build.0 = Debug|Any CPU
		{B85C8AE9-E7FD-4538-9FBF-9578AAD5EFCD}.Release|x86.ActiveCfg = Debug|Any CPU
		{B85C8AE9-E7FD-4538-9FBF-9578AAD5EFCD}.Release|x86.Build.0 = Debug|Any CPU
		{CAC5D969-E7FB-4EE3-83CF-83EC811BA126}.Debug|Any CPU.ActiveCfg = Debug|Any CPU
		{CAC5D969-E7FB-4EE3-83CF-83EC811BA126}.Debug|Any CPU.Build.0 = Debug|Any CPU
		{CAC5D969-E7FB-4EE3-83CF-83EC811BA126}.Debug|Mixed Platforms.ActiveCfg = Debug|Any CPU
		{CAC5D969-E7FB-4EE3-83CF-83EC811BA126}.Debug|Mixed Platforms.Build.0 = Debug|Any CPU
		{CAC5D969-E7FB-4EE3-83CF-83EC811BA126}.Debug|x86.ActiveCfg = Debug|Any CPU
		{CAC5D969-E7FB-4EE3-83CF-83EC811BA126}.Debug|x86.Build.0 = Debug|Any CPU
		{CAC5D969-E7FB-4EE3-83CF-83EC811BA126}.Release|Any CPU.ActiveCfg = Release|Any CPU
		{CAC5D969-E7FB-4EE3-83CF-83EC811BA126}.Release|Any CPU.Build.0 = Release|Any CPU
		{CAC5D969-E7FB-4EE3-83CF-83EC811BA126}.Release|Mixed Platforms.ActiveCfg = Release|Any CPU
		{CAC5D969-E7FB-4EE3-83CF-83EC811BA126}.Release|Mixed Platforms.Build.0 = Release|Any CPU
		{CAC5D969-E7FB-4EE3-83CF-83EC811BA126}.Release|x86.ActiveCfg = Release|Any CPU
		{CAC5D969-E7FB-4EE3-83CF-83EC811BA126}.Release|x86.Build.0 = Release|Any CPU
		{2341BED7-BD66-4E4A-A6E9-5BF7E5DD04FC}.Debug|Any CPU.ActiveCfg = Debug|Any CPU
		{2341BED7-BD66-4E4A-A6E9-5BF7E5DD04FC}.Debug|Any CPU.Build.0 = Debug|Any CPU
		{2341BED7-BD66-4E4A-A6E9-5BF7E5DD04FC}.Debug|Mixed Platforms.ActiveCfg = Debug|Any CPU
		{2341BED7-BD66-4E4A-A6E9-5BF7E5DD04FC}.Debug|Mixed Platforms.Build.0 = Debug|Any CPU
		{2341BED7-BD66-4E4A-A6E9-5BF7E5DD04FC}.Debug|x86.ActiveCfg = Debug|Any CPU
		{2341BED7-BD66-4E4A-A6E9-5BF7E5DD04FC}.Debug|x86.Build.0 = Debug|Any CPU
		{2341BED7-BD66-4E4A-A6E9-5BF7E5DD04FC}.Release|Any CPU.ActiveCfg = Release|Any CPU
		{2341BED7-BD66-4E4A-A6E9-5BF7E5DD04FC}.Release|Any CPU.Build.0 = Release|Any CPU
		{2341BED7-BD66-4E4A-A6E9-5BF7E5DD04FC}.Release|Mixed Platforms.ActiveCfg = Release|Any CPU
		{2341BED7-BD66-4E4A-A6E9-5BF7E5DD04FC}.Release|Mixed Platforms.Build.0 = Release|Any CPU
		{2341BED7-BD66-4E4A-A6E9-5BF7E5DD04FC}.Release|x86.ActiveCfg = Release|Any CPU
		{2341BED7-BD66-4E4A-A6E9-5BF7E5DD04FC}.Release|x86.Build.0 = Release|Any CPU
		{2ACC3378-F7AF-4F03-AFC2-949E9B0A04FE}.Debug|Any CPU.ActiveCfg = Debug|Any CPU
		{2ACC3378-F7AF-4F03-AFC2-949E9B0A04FE}.Debug|Any CPU.Build.0 = Debug|Any CPU
		{2ACC3378-F7AF-4F03-AFC2-949E9B0A04FE}.Debug|Mixed Platforms.ActiveCfg = Debug|Any CPU
		{2ACC3378-F7AF-4F03-AFC2-949E9B0A04FE}.Debug|Mixed Platforms.Build.0 = Debug|Any CPU
		{2ACC3378-F7AF-4F03-AFC2-949E9B0A04FE}.Debug|x86.ActiveCfg = Debug|Any CPU
		{2ACC3378-F7AF-4F03-AFC2-949E9B0A04FE}.Debug|x86.Build.0 = Debug|Any CPU
		{2ACC3378-F7AF-4F03-AFC2-949E9B0A04FE}.Release|Any CPU.ActiveCfg = Release|Any CPU
		{2ACC3378-F7AF-4F03-AFC2-949E9B0A04FE}.Release|Any CPU.Build.0 = Release|Any CPU
		{2ACC3378-F7AF-4F03-AFC2-949E9B0A04FE}.Release|Mixed Platforms.ActiveCfg = Release|Any CPU
		{2ACC3378-F7AF-4F03-AFC2-949E9B0A04FE}.Release|Mixed Platforms.Build.0 = Release|Any CPU
		{2ACC3378-F7AF-4F03-AFC2-949E9B0A04FE}.Release|x86.ActiveCfg = Release|Any CPU
		{2ACC3378-F7AF-4F03-AFC2-949E9B0A04FE}.Release|x86.Build.0 = Release|Any CPU
		{098D1A37-D8FD-4E2D-BC76-86C9F04BDB15}.Debug|Any CPU.ActiveCfg = Debug|x86
		{098D1A37-D8FD-4E2D-BC76-86C9F04BDB15}.Debug|Mixed Platforms.ActiveCfg = Debug|x86
		{098D1A37-D8FD-4E2D-BC76-86C9F04BDB15}.Debug|Mixed Platforms.Build.0 = Debug|x86
		{098D1A37-D8FD-4E2D-BC76-86C9F04BDB15}.Debug|x86.ActiveCfg = Debug|x86
		{098D1A37-D8FD-4E2D-BC76-86C9F04BDB15}.Debug|x86.Build.0 = Debug|x86
		{098D1A37-D8FD-4E2D-BC76-86C9F04BDB15}.Release|Any CPU.ActiveCfg = Release|x86
		{098D1A37-D8FD-4E2D-BC76-86C9F04BDB15}.Release|Mixed Platforms.ActiveCfg = Release|x86
		{098D1A37-D8FD-4E2D-BC76-86C9F04BDB15}.Release|Mixed Platforms.Build.0 = Release|x86
		{098D1A37-D8FD-4E2D-BC76-86C9F04BDB15}.Release|x86.ActiveCfg = Release|x86
		{098D1A37-D8FD-4E2D-BC76-86C9F04BDB15}.Release|x86.Build.0 = Release|x86
		{B4E3674A-36DA-4E45-B4F7-04D2F5C2633E}.Debug|Any CPU.ActiveCfg = Debug
		{B4E3674A-36DA-4E45-B4F7-04D2F5C2633E}.Debug|Mixed Platforms.ActiveCfg = Debug
		{B4E3674A-36DA-4E45-B4F7-04D2F5C2633E}.Debug|x86.ActiveCfg = Debug
		{B4E3674A-36DA-4E45-B4F7-04D2F5C2633E}.Release|Any CPU.ActiveCfg = Release
		{B4E3674A-36DA-4E45-B4F7-04D2F5C2633E}.Release|Mixed Platforms.ActiveCfg = Release
		{B4E3674A-36DA-4E45-B4F7-04D2F5C2633E}.Release|x86.ActiveCfg = Release
		{FAF97E0F-DFDB-4D7C-B975-41591D8CFDA7}.Debug|Any CPU.ActiveCfg = Debug|Any CPU
		{FAF97E0F-DFDB-4D7C-B975-41591D8CFDA7}.Debug|Any CPU.Build.0 = Debug|Any CPU
		{FAF97E0F-DFDB-4D7C-B975-41591D8CFDA7}.Debug|Mixed Platforms.ActiveCfg = Debug|Any CPU
		{FAF97E0F-DFDB-4D7C-B975-41591D8CFDA7}.Debug|Mixed Platforms.Build.0 = Debug|Any CPU
		{FAF97E0F-DFDB-4D7C-B975-41591D8CFDA7}.Debug|x86.ActiveCfg = Debug|Any CPU
		{FAF97E0F-DFDB-4D7C-B975-41591D8CFDA7}.Debug|x86.Build.0 = Debug|Any CPU
		{FAF97E0F-DFDB-4D7C-B975-41591D8CFDA7}.Release|Any CPU.ActiveCfg = Debug|Any CPU
		{FAF97E0F-DFDB-4D7C-B975-41591D8CFDA7}.Release|Any CPU.Build.0 = Debug|Any CPU
		{FAF97E0F-DFDB-4D7C-B975-41591D8CFDA7}.Release|Mixed Platforms.ActiveCfg = Debug|Any CPU
		{FAF97E0F-DFDB-4D7C-B975-41591D8CFDA7}.Release|Mixed Platforms.Build.0 = Debug|Any CPU
		{FAF97E0F-DFDB-4D7C-B975-41591D8CFDA7}.Release|x86.ActiveCfg = Debug|Any CPU
		{FAF97E0F-DFDB-4D7C-B975-41591D8CFDA7}.Release|x86.Build.0 = Debug|Any CPU
		{A2CC97A5-16A9-4D05-B7C3-807EB3B4D41F}.Debug|Any CPU.ActiveCfg = Debug|Any CPU
		{A2CC97A5-16A9-4D05-B7C3-807EB3B4D41F}.Debug|Any CPU.Build.0 = Debug|Any CPU
		{A2CC97A5-16A9-4D05-B7C3-807EB3B4D41F}.Debug|Mixed Platforms.ActiveCfg = Debug|Any CPU
		{A2CC97A5-16A9-4D05-B7C3-807EB3B4D41F}.Debug|Mixed Platforms.Build.0 = Debug|Any CPU
		{A2CC97A5-16A9-4D05-B7C3-807EB3B4D41F}.Debug|x86.ActiveCfg = Debug|Any CPU
		{A2CC97A5-16A9-4D05-B7C3-807EB3B4D41F}.Debug|x86.Build.0 = Debug|Any CPU
		{A2CC97A5-16A9-4D05-B7C3-807EB3B4D41F}.Release|Any CPU.ActiveCfg = Release|Any CPU
		{A2CC97A5-16A9-4D05-B7C3-807EB3B4D41F}.Release|Any CPU.Build.0 = Release|Any CPU
		{A2CC97A5-16A9-4D05-B7C3-807EB3B4D41F}.Release|Mixed Platforms.ActiveCfg = Release|Any CPU
		{A2CC97A5-16A9-4D05-B7C3-807EB3B4D41F}.Release|Mixed Platforms.Build.0 = Release|Any CPU
		{A2CC97A5-16A9-4D05-B7C3-807EB3B4D41F}.Release|x86.ActiveCfg = Release|Any CPU
		{A2CC97A5-16A9-4D05-B7C3-807EB3B4D41F}.Release|x86.Build.0 = Release|Any CPU
		{1F66531E-D9B4-4BC5-8BC0-C77A4739731C}.Debug|Any CPU.ActiveCfg = Debug
		{1F66531E-D9B4-4BC5-8BC0-C77A4739731C}.Debug|Mixed Platforms.ActiveCfg = Debug
		{1F66531E-D9B4-4BC5-8BC0-C77A4739731C}.Debug|x86.ActiveCfg = Debug
		{1F66531E-D9B4-4BC5-8BC0-C77A4739731C}.Release|Any CPU.ActiveCfg = Release
		{1F66531E-D9B4-4BC5-8BC0-C77A4739731C}.Release|Mixed Platforms.ActiveCfg = Release
		{1F66531E-D9B4-4BC5-8BC0-C77A4739731C}.Release|x86.ActiveCfg = Release
		{9DF569E1-9159-43EC-94C6-B9BE304934CF}.Debug|Any CPU.ActiveCfg = Debug|Any CPU
		{9DF569E1-9159-43EC-94C6-B9BE304934CF}.Debug|Any CPU.Build.0 = Debug|Any CPU
		{9DF569E1-9159-43EC-94C6-B9BE304934CF}.Debug|Mixed Platforms.ActiveCfg = Debug|Any CPU
		{9DF569E1-9159-43EC-94C6-B9BE304934CF}.Debug|Mixed Platforms.Build.0 = Debug|Any CPU
		{9DF569E1-9159-43EC-94C6-B9BE304934CF}.Debug|x86.ActiveCfg = Debug|Any CPU
		{9DF569E1-9159-43EC-94C6-B9BE304934CF}.Debug|x86.Build.0 = Debug|Any CPU
		{9DF569E1-9159-43EC-94C6-B9BE304934CF}.Release|Any CPU.ActiveCfg = Debug|Any CPU
		{9DF569E1-9159-43EC-94C6-B9BE304934CF}.Release|Any CPU.Build.0 = Debug|Any CPU
		{9DF569E1-9159-43EC-94C6-B9BE304934CF}.Release|Mixed Platforms.ActiveCfg = Debug|Any CPU
		{9DF569E1-9159-43EC-94C6-B9BE304934CF}.Release|Mixed Platforms.Build.0 = Debug|Any CPU
		{9DF569E1-9159-43EC-94C6-B9BE304934CF}.Release|x86.ActiveCfg = Debug|Any CPU
		{9DF569E1-9159-43EC-94C6-B9BE304934CF}.Release|x86.Build.0 = Debug|Any CPU
		{425192F3-DC40-48D2-AE59-566E2BCDDD7A}.Debug|Any CPU.ActiveCfg = Debug|Any CPU
		{425192F3-DC40-48D2-AE59-566E2BCDDD7A}.Debug|Any CPU.Build.0 = Debug|Any CPU
		{425192F3-DC40-48D2-AE59-566E2BCDDD7A}.Debug|Mixed Platforms.ActiveCfg = Debug|Any CPU
		{425192F3-DC40-48D2-AE59-566E2BCDDD7A}.Debug|Mixed Platforms.Build.0 = Debug|Any CPU
		{425192F3-DC40-48D2-AE59-566E2BCDDD7A}.Debug|x86.ActiveCfg = Debug|Any CPU
		{425192F3-DC40-48D2-AE59-566E2BCDDD7A}.Debug|x86.Build.0 = Debug|Any CPU
		{425192F3-DC40-48D2-AE59-566E2BCDDD7A}.Release|Any CPU.ActiveCfg = Debug|Any CPU
		{425192F3-DC40-48D2-AE59-566E2BCDDD7A}.Release|Any CPU.Build.0 = Debug|Any CPU
		{425192F3-DC40-48D2-AE59-566E2BCDDD7A}.Release|Mixed Platforms.ActiveCfg = Debug|Any CPU
		{425192F3-DC40-48D2-AE59-566E2BCDDD7A}.Release|Mixed Platforms.Build.0 = Debug|Any CPU
		{425192F3-DC40-48D2-AE59-566E2BCDDD7A}.Release|x86.ActiveCfg = Debug|Any CPU
		{425192F3-DC40-48D2-AE59-566E2BCDDD7A}.Release|x86.Build.0 = Debug|Any CPU
	EndGlobalSection
	GlobalSection(SolutionProperties) = preSolution
		HideSolutionNode = FALSE
	EndGlobalSection
EndGlobal
